
Microsoft Visual Studio Solution File, Format Version 12.00
# Visual Studio Version 17
VisualStudioVersion = 17.4.33213.308
MinimumVisualStudioVersion = 10.0.40219.1
Project("{FAE04EC0-301F-11D3-BF4B-00C04F79EFBC}") = "Productive Main Window", "Productive\Productive Main Window.csproj", "{80F2E28F-9EE3-4339-B0C9-1952AF06D0D9}"
EndProject
Project("{2150E333-8FDC-42A3-9474-1A3956D46DE8}") = "Solution Items", "Solution Items", "{4A82B671-849B-473E-B708-00C6D1A835EE}"
EndProject
Global
	GlobalSection(SolutionConfigurationPlatforms) = preSolution
		Debug|Any CPU = Debug|Any CPU
		Release|Any CPU = Release|Any CPU
	EndGlobalSection
	GlobalSection(ProjectConfigurationPlatforms) = postSolution
		{80F2E28F-9EE3-4339-B0C9-1952AF06D0D9}.Debug|Any CPU.ActiveCfg = Debug|Any CPU
		{80F2E28F-9EE3-4339-B0C9-1952AF06D0D9}.Debug|Any CPU.Build.0 = Debug|Any CPU
		{80F2E28F-9EE3-4339-B0C9-1952AF06D0D9}.Release|Any CPU.ActiveCfg = Release|Any CPU
		{80F2E28F-9EE3-4339-B0C9-1952AF06D0D9}.Release|Any CPU.Build.0 = Release|Any CPU
	EndGlobalSection
	GlobalSection(SolutionProperties) = preSolution
		HideSolutionNode = FALSE
	EndGlobalSection
	GlobalSection(ExtensibilityGlobals) = postSolution
		SolutionGuid = {C3F51994-DF11-4C31-98FF-9C0ABBC2562A}
	EndGlobalSection
EndGlobal
